// !$*UTF8*$!
{
	archiveVersion = 1;
	classes = {
	};
	objectVersion = 56;
	objects = {

/* Begin PBXBuildFile section */
		8B13265F2A43164600818C08 /* ProductsShimmerView.xib in Resources */ = {isa = PBXBuildFile; fileRef = 8B13265E2A43164600818C08 /* ProductsShimmerView.xib */; };
		8B1326672A4317DF00818C08 /* FBShimmeringLayer.m in Sources */ = {isa = PBXBuildFile; fileRef = 8B1326652A4317DE00818C08 /* FBShimmeringLayer.m */; };
		8B1326682A4317DF00818C08 /* FBShimmeringView.m in Sources */ = {isa = PBXBuildFile; fileRef = 8B1326662A4317DE00818C08 /* FBShimmeringView.m */; };
		8B13266A2A4317FE00818C08 /* ProductsShimmerView.swift in Sources */ = {isa = PBXBuildFile; fileRef = 8B1326692A4317FE00818C08 /* ProductsShimmerView.swift */; };
		8B275A9F2A41A570003C6223 /* AppDelegate.swift in Sources */ = {isa = PBXBuildFile; fileRef = 8B275A9E2A41A570003C6223 /* AppDelegate.swift */; };
		8B275AA12A41A570003C6223 /* SceneDelegate.swift in Sources */ = {isa = PBXBuildFile; fileRef = 8B275AA02A41A570003C6223 /* SceneDelegate.swift */; };
		8B275AA82A41A572003C6223 /* Assets.xcassets in Resources */ = {isa = PBXBuildFile; fileRef = 8B275AA72A41A572003C6223 /* Assets.xcassets */; };
		8B275AAB2A41A572003C6223 /* LaunchScreen.storyboard in Resources */ = {isa = PBXBuildFile; fileRef = 8B275AA92A41A572003C6223 /* LaunchScreen.storyboard */; };
		8B275AB62A41A572003C6223 /* KickStartTaskTests.swift in Sources */ = {isa = PBXBuildFile; fileRef = 8B275AB52A41A572003C6223 /* KickStartTaskTests.swift */; };
		8B275AC02A41A572003C6223 /* KickStartTaskUITests.swift in Sources */ = {isa = PBXBuildFile; fileRef = 8B275ABF2A41A572003C6223 /* KickStartTaskUITests.swift */; };
		8B275AC22A41A573003C6223 /* KickStartTaskUITestsLaunchTests.swift in Sources */ = {isa = PBXBuildFile; fileRef = 8B275AC12A41A573003C6223 /* KickStartTaskUITestsLaunchTests.swift */; };
		8B275AEC2A41ABA0003C6223 /* ProductsViewController.swift in Sources */ = {isa = PBXBuildFile; fileRef = 8B275AEA2A41ABA0003C6223 /* ProductsViewController.swift */; };
		8B275AED2A41ABA0003C6223 /* ProductsViewController.xib in Resources */ = {isa = PBXBuildFile; fileRef = 8B275AEB2A41ABA0003C6223 /* ProductsViewController.xib */; };
		8B275AF02A41B34A003C6223 /* RxCocoa in Frameworks */ = {isa = PBXBuildFile; productRef = 8B275AEF2A41B34A003C6223 /* RxCocoa */; };
		8B275AF22A41B34A003C6223 /* RxRelay in Frameworks */ = {isa = PBXBuildFile; productRef = 8B275AF12A41B34A003C6223 /* RxRelay */; };
		8B275AF42A41B34A003C6223 /* RxSwift in Frameworks */ = {isa = PBXBuildFile; productRef = 8B275AF32A41B34A003C6223 /* RxSwift */; };
		8B275AFD2A41B78C003C6223 /* Extensions.swift in Sources */ = {isa = PBXBuildFile; fileRef = 8B275AFC2A41B78C003C6223 /* Extensions.swift */; };
		8B275B002A41BAF9003C6223 /* ItemCVCell.swift in Sources */ = {isa = PBXBuildFile; fileRef = 8B275AFE2A41BAF9003C6223 /* ItemCVCell.swift */; };
		8B275B012A41BAF9003C6223 /* ItemCVCell.xib in Resources */ = {isa = PBXBuildFile; fileRef = 8B275AFF2A41BAF9003C6223 /* ItemCVCell.xib */; };
		8B559C562A41C4AC00A8EF79 /* ServiceManager.swift in Sources */ = {isa = PBXBuildFile; fileRef = 8B559C552A41C4AC00A8EF79 /* ServiceManager.swift */; };
		8B559C5C2A41DD4E00A8EF79 /* Constants.swift in Sources */ = {isa = PBXBuildFile; fileRef = 8B559C5B2A41DD4E00A8EF79 /* Constants.swift */; };
		8B559C5E2A41DDA300A8EF79 /* ProductViewModel.swift in Sources */ = {isa = PBXBuildFile; fileRef = 8B559C5D2A41DDA300A8EF79 /* ProductViewModel.swift */; };
		8B559C612A41E52800A8EF79 /* Differentiator in Frameworks */ = {isa = PBXBuildFile; productRef = 8B559C602A41E52800A8EF79 /* Differentiator */; };
		8B559C632A41E52800A8EF79 /* RxDataSources in Frameworks */ = {isa = PBXBuildFile; productRef = 8B559C622A41E52800A8EF79 /* RxDataSources */; };
		8B559C662A41F11200A8EF79 /* Kingfisher in Frameworks */ = {isa = PBXBuildFile; productRef = 8B559C652A41F11200A8EF79 /* Kingfisher */; };
		8B559C6D2A4208ED00A8EF79 /* ProductDetailsViewController.swift in Sources */ = {isa = PBXBuildFile; fileRef = 8B559C6B2A4208ED00A8EF79 /* ProductDetailsViewController.swift */; };
		8B559C6E2A4208ED00A8EF79 /* ProductDetailsViewController.xib in Resources */ = {isa = PBXBuildFile; fileRef = 8B559C6C2A4208ED00A8EF79 /* ProductDetailsViewController.xib */; };
		8B73BF3A2A42E581008B8A41 /* FullItemCVCell.swift in Sources */ = {isa = PBXBuildFile; fileRef = 8B73BF382A42E581008B8A41 /* FullItemCVCell.swift */; };
		8B73BF3B2A42E581008B8A41 /* FullItemCVCell.xib in Resources */ = {isa = PBXBuildFile; fileRef = 8B73BF392A42E581008B8A41 /* FullItemCVCell.xib */; };
		8B73BF3E2A42F076008B8A41 /* ProductDetailViewModel.swift in Sources */ = {isa = PBXBuildFile; fileRef = 8B73BF3D2A42F076008B8A41 /* ProductDetailViewModel.swift */; };
		8B73BF432A42F765008B8A41 /* SubItemCVCell.swift in Sources */ = {isa = PBXBuildFile; fileRef = 8B73BF412A42F765008B8A41 /* SubItemCVCell.swift */; };
		8B73BF442A42F765008B8A41 /* SubItemCVCell.xib in Resources */ = {isa = PBXBuildFile; fileRef = 8B73BF422A42F765008B8A41 /* SubItemCVCell.xib */; };
		8B8BC2672A420FA900441D0C /* ProductModel.swift in Sources */ = {isa = PBXBuildFile; fileRef = 8B8BC2662A420FA900441D0C /* ProductModel.swift */; };
		8BBAC62D2A433CF1003451DA /* StorageManager.swift in Sources */ = {isa = PBXBuildFile; fileRef = 8BBAC62C2A433CF1003451DA /* StorageManager.swift */; };
		8BDBE9072A43B57D00BE3272 /* Product.xcdatamodeld in Sources */ = {isa = PBXBuildFile; fileRef = 8BDBE9052A43B57D00BE3272 /* Product.xcdatamodeld */; };
		8BDBE90F2A43D15D00BE3272 /* Montserrat-Italic-VariableFont_wght.ttf in Resources */ = {isa = PBXBuildFile; fileRef = 8BDBE90D2A43D15D00BE3272 /* Montserrat-Italic-VariableFont_wght.ttf */; };
		8BDBE9102A43D15D00BE3272 /* Montserrat-VariableFont_wght.ttf in Resources */ = {isa = PBXBuildFile; fileRef = 8BDBE90E2A43D15D00BE3272 /* Montserrat-VariableFont_wght.ttf */; };
		8BDBE9152A43D39C00BE3272 /* HomeTabBarController.swift in Sources */ = {isa = PBXBuildFile; fileRef = 8BDBE9142A43D39C00BE3272 /* HomeTabBarController.swift */; };
		8BDBE9182A43D40400BE3272 /* ListViewController.swift in Sources */ = {isa = PBXBuildFile; fileRef = 8BDBE9162A43D40400BE3272 /* ListViewController.swift */; };
		8BDBE9192A43D40400BE3272 /* ListViewController.xib in Resources */ = {isa = PBXBuildFile; fileRef = 8BDBE9172A43D40400BE3272 /* ListViewController.xib */; };
		8BDBE91E2A43D42A00BE3272 /* StoreViewController.swift in Sources */ = {isa = PBXBuildFile; fileRef = 8BDBE91C2A43D42A00BE3272 /* StoreViewController.swift */; };
		8BDBE91F2A43D42A00BE3272 /* StoreViewController.xib in Resources */ = {isa = PBXBuildFile; fileRef = 8BDBE91D2A43D42A00BE3272 /* StoreViewController.xib */; };
		8BDBE9232A43D45A00BE3272 /* FavoritesViewController.swift in Sources */ = {isa = PBXBuildFile; fileRef = 8BDBE9212A43D45A00BE3272 /* FavoritesViewController.swift */; };
		8BDBE9242A43D45A00BE3272 /* FavoritesViewController.xib in Resources */ = {isa = PBXBuildFile; fileRef = 8BDBE9222A43D45A00BE3272 /* FavoritesViewController.xib */; };
		8BDBE9282A43D47E00BE3272 /* ProfileViewController.swift in Sources */ = {isa = PBXBuildFile; fileRef = 8BDBE9262A43D47E00BE3272 /* ProfileViewController.swift */; };
		8BDBE9292A43D47E00BE3272 /* ProfileViewController.xib in Resources */ = {isa = PBXBuildFile; fileRef = 8BDBE9272A43D47E00BE3272 /* ProfileViewController.xib */; };
/* End PBXBuildFile section */

/* Begin PBXContainerItemProxy section */
		8B275AB22A41A572003C6223 /* PBXContainerItemProxy */ = {
			isa = PBXContainerItemProxy;
			containerPortal = 8B275A932A41A570003C6223 /* Project object */;
			proxyType = 1;
			remoteGlobalIDString = 8B275A9A2A41A570003C6223;
			remoteInfo = KickStartTask;
		};
		8B275ABC2A41A572003C6223 /* PBXContainerItemProxy */ = {
			isa = PBXContainerItemProxy;
			containerPortal = 8B275A932A41A570003C6223 /* Project object */;
			proxyType = 1;
			remoteGlobalIDString = 8B275A9A2A41A570003C6223;
			remoteInfo = KickStartTask;
		};
/* End PBXContainerItemProxy section */

/* Begin PBXFileReference section */
		8B13265E2A43164600818C08 /* ProductsShimmerView.xib */ = {isa = PBXFileReference; lastKnownFileType = file.xib; path = ProductsShimmerView.xib; sourceTree = "<group>"; };
		8B1326612A4317DD00818C08 /* KickStartTask-Bridging-Header.h */ = {isa = PBXFileReference; lastKnownFileType = sourcecode.c.h; path = "KickStartTask-Bridging-Header.h"; sourceTree = "<group>"; };
		8B1326622A4317DE00818C08 /* FBShimmeringLayer.h */ = {isa = PBXFileReference; fileEncoding = 4; lastKnownFileType = sourcecode.c.h; path = FBShimmeringLayer.h; sourceTree = "<group>"; };
		8B1326632A4317DE00818C08 /* FBShimmering.h */ = {isa = PBXFileReference; fileEncoding = 4; lastKnownFileType = sourcecode.c.h; path = FBShimmering.h; sourceTree = "<group>"; };
		8B1326642A4317DE00818C08 /* FBShimmeringView.h */ = {isa = PBXFileReference; fileEncoding = 4; lastKnownFileType = sourcecode.c.h; path = FBShimmeringView.h; sourceTree = "<group>"; };
		8B1326652A4317DE00818C08 /* FBShimmeringLayer.m */ = {isa = PBXFileReference; fileEncoding = 4; lastKnownFileType = sourcecode.c.objc; path = FBShimmeringLayer.m; sourceTree = "<group>"; };
		8B1326662A4317DE00818C08 /* FBShimmeringView.m */ = {isa = PBXFileReference; fileEncoding = 4; lastKnownFileType = sourcecode.c.objc; path = FBShimmeringView.m; sourceTree = "<group>"; };
		8B1326692A4317FE00818C08 /* ProductsShimmerView.swift */ = {isa = PBXFileReference; lastKnownFileType = sourcecode.swift; path = ProductsShimmerView.swift; sourceTree = "<group>"; };
		8B275A9B2A41A570003C6223 /* KickStartTask.app */ = {isa = PBXFileReference; explicitFileType = wrapper.application; includeInIndex = 0; path = KickStartTask.app; sourceTree = BUILT_PRODUCTS_DIR; };
		8B275A9E2A41A570003C6223 /* AppDelegate.swift */ = {isa = PBXFileReference; lastKnownFileType = sourcecode.swift; path = AppDelegate.swift; sourceTree = "<group>"; };
		8B275AA02A41A570003C6223 /* SceneDelegate.swift */ = {isa = PBXFileReference; lastKnownFileType = sourcecode.swift; path = SceneDelegate.swift; sourceTree = "<group>"; };
		8B275AA72A41A572003C6223 /* Assets.xcassets */ = {isa = PBXFileReference; lastKnownFileType = folder.assetcatalog; path = Assets.xcassets; sourceTree = "<group>"; };
		8B275AAA2A41A572003C6223 /* Base */ = {isa = PBXFileReference; lastKnownFileType = file.storyboard; name = Base; path = Base.lproj/LaunchScreen.storyboard; sourceTree = "<group>"; };
		8B275AAC2A41A572003C6223 /* Info.plist */ = {isa = PBXFileReference; lastKnownFileType = text.plist.xml; path = Info.plist; sourceTree = "<group>"; };
		8B275AB12A41A572003C6223 /* KickStartTaskTests.xctest */ = {isa = PBXFileReference; explicitFileType = wrapper.cfbundle; includeInIndex = 0; path = KickStartTaskTests.xctest; sourceTree = BUILT_PRODUCTS_DIR; };
		8B275AB52A41A572003C6223 /* KickStartTaskTests.swift */ = {isa = PBXFileReference; lastKnownFileType = sourcecode.swift; path = KickStartTaskTests.swift; sourceTree = "<group>"; };
		8B275ABB2A41A572003C6223 /* KickStartTaskUITests.xctest */ = {isa = PBXFileReference; explicitFileType = wrapper.cfbundle; includeInIndex = 0; path = KickStartTaskUITests.xctest; sourceTree = BUILT_PRODUCTS_DIR; };
		8B275ABF2A41A572003C6223 /* KickStartTaskUITests.swift */ = {isa = PBXFileReference; lastKnownFileType = sourcecode.swift; path = KickStartTaskUITests.swift; sourceTree = "<group>"; };
		8B275AC12A41A573003C6223 /* KickStartTaskUITestsLaunchTests.swift */ = {isa = PBXFileReference; lastKnownFileType = sourcecode.swift; path = KickStartTaskUITestsLaunchTests.swift; sourceTree = "<group>"; };
		8B275AEA2A41ABA0003C6223 /* ProductsViewController.swift */ = {isa = PBXFileReference; lastKnownFileType = sourcecode.swift; path = ProductsViewController.swift; sourceTree = "<group>"; };
		8B275AEB2A41ABA0003C6223 /* ProductsViewController.xib */ = {isa = PBXFileReference; lastKnownFileType = file.xib; path = ProductsViewController.xib; sourceTree = "<group>"; };
		8B275AFC2A41B78C003C6223 /* Extensions.swift */ = {isa = PBXFileReference; lastKnownFileType = sourcecode.swift; path = Extensions.swift; sourceTree = "<group>"; };
		8B275AFE2A41BAF9003C6223 /* ItemCVCell.swift */ = {isa = PBXFileReference; lastKnownFileType = sourcecode.swift; path = ItemCVCell.swift; sourceTree = "<group>"; };
		8B275AFF2A41BAF9003C6223 /* ItemCVCell.xib */ = {isa = PBXFileReference; lastKnownFileType = file.xib; path = ItemCVCell.xib; sourceTree = "<group>"; };
		8B559C552A41C4AC00A8EF79 /* ServiceManager.swift */ = {isa = PBXFileReference; lastKnownFileType = sourcecode.swift; path = ServiceManager.swift; sourceTree = "<group>"; };
		8B559C5B2A41DD4E00A8EF79 /* Constants.swift */ = {isa = PBXFileReference; lastKnownFileType = sourcecode.swift; path = Constants.swift; sourceTree = "<group>"; };
		8B559C5D2A41DDA300A8EF79 /* ProductViewModel.swift */ = {isa = PBXFileReference; lastKnownFileType = sourcecode.swift; path = ProductViewModel.swift; sourceTree = "<group>"; };
		8B559C6B2A4208ED00A8EF79 /* ProductDetailsViewController.swift */ = {isa = PBXFileReference; lastKnownFileType = sourcecode.swift; path = ProductDetailsViewController.swift; sourceTree = "<group>"; };
		8B559C6C2A4208ED00A8EF79 /* ProductDetailsViewController.xib */ = {isa = PBXFileReference; lastKnownFileType = file.xib; path = ProductDetailsViewController.xib; sourceTree = "<group>"; };
		8B73BF382A42E581008B8A41 /* FullItemCVCell.swift */ = {isa = PBXFileReference; lastKnownFileType = sourcecode.swift; path = FullItemCVCell.swift; sourceTree = "<group>"; };
		8B73BF392A42E581008B8A41 /* FullItemCVCell.xib */ = {isa = PBXFileReference; lastKnownFileType = file.xib; path = FullItemCVCell.xib; sourceTree = "<group>"; };
		8B73BF3D2A42F076008B8A41 /* ProductDetailViewModel.swift */ = {isa = PBXFileReference; lastKnownFileType = sourcecode.swift; path = ProductDetailViewModel.swift; sourceTree = "<group>"; };
		8B73BF412A42F765008B8A41 /* SubItemCVCell.swift */ = {isa = PBXFileReference; lastKnownFileType = sourcecode.swift; path = SubItemCVCell.swift; sourceTree = "<group>"; };
		8B73BF422A42F765008B8A41 /* SubItemCVCell.xib */ = {isa = PBXFileReference; lastKnownFileType = file.xib; path = SubItemCVCell.xib; sourceTree = "<group>"; };
		8B8BC2662A420FA900441D0C /* ProductModel.swift */ = {isa = PBXFileReference; lastKnownFileType = sourcecode.swift; path = ProductModel.swift; sourceTree = "<group>"; };
		8BBAC62C2A433CF1003451DA /* StorageManager.swift */ = {isa = PBXFileReference; lastKnownFileType = sourcecode.swift; path = StorageManager.swift; sourceTree = "<group>"; };
		8BDBE9062A43B57D00BE3272 /* Product.xcdatamodel */ = {isa = PBXFileReference; lastKnownFileType = wrapper.xcdatamodel; path = Product.xcdatamodel; sourceTree = "<group>"; };
		8BDBE90D2A43D15D00BE3272 /* Montserrat-Italic-VariableFont_wght.ttf */ = {isa = PBXFileReference; lastKnownFileType = file; path = "Montserrat-Italic-VariableFont_wght.ttf"; sourceTree = "<group>"; };
		8BDBE90E2A43D15D00BE3272 /* Montserrat-VariableFont_wght.ttf */ = {isa = PBXFileReference; lastKnownFileType = file; path = "Montserrat-VariableFont_wght.ttf"; sourceTree = "<group>"; };
		8BDBE9142A43D39C00BE3272 /* HomeTabBarController.swift */ = {isa = PBXFileReference; lastKnownFileType = sourcecode.swift; path = HomeTabBarController.swift; sourceTree = "<group>"; };
		8BDBE9162A43D40400BE3272 /* ListViewController.swift */ = {isa = PBXFileReference; lastKnownFileType = sourcecode.swift; path = ListViewController.swift; sourceTree = "<group>"; };
		8BDBE9172A43D40400BE3272 /* ListViewController.xib */ = {isa = PBXFileReference; lastKnownFileType = file.xib; path = ListViewController.xib; sourceTree = "<group>"; };
		8BDBE91C2A43D42A00BE3272 /* StoreViewController.swift */ = {isa = PBXFileReference; lastKnownFileType = sourcecode.swift; path = StoreViewController.swift; sourceTree = "<group>"; };
		8BDBE91D2A43D42A00BE3272 /* StoreViewController.xib */ = {isa = PBXFileReference; lastKnownFileType = file.xib; path = StoreViewController.xib; sourceTree = "<group>"; };
		8BDBE9212A43D45A00BE3272 /* FavoritesViewController.swift */ = {isa = PBXFileReference; lastKnownFileType = sourcecode.swift; path = FavoritesViewController.swift; sourceTree = "<group>"; };
		8BDBE9222A43D45A00BE3272 /* FavoritesViewController.xib */ = {isa = PBXFileReference; lastKnownFileType = file.xib; path = FavoritesViewController.xib; sourceTree = "<group>"; };
		8BDBE9262A43D47E00BE3272 /* ProfileViewController.swift */ = {isa = PBXFileReference; lastKnownFileType = sourcecode.swift; path = ProfileViewController.swift; sourceTree = "<group>"; };
		8BDBE9272A43D47E00BE3272 /* ProfileViewController.xib */ = {isa = PBXFileReference; lastKnownFileType = file.xib; path = ProfileViewController.xib; sourceTree = "<group>"; };
/* End PBXFileReference section */

/* Begin PBXFrameworksBuildPhase section */
		8B275A982A41A570003C6223 /* Frameworks */ = {
			isa = PBXFrameworksBuildPhase;
			buildActionMask = 2147483647;
			files = (
				8B559C662A41F11200A8EF79 /* Kingfisher in Frameworks */,
				8B559C612A41E52800A8EF79 /* Differentiator in Frameworks */,
				8B275AF42A41B34A003C6223 /* RxSwift in Frameworks */,
				8B275AF22A41B34A003C6223 /* RxRelay in Frameworks */,
				8B559C632A41E52800A8EF79 /* RxDataSources in Frameworks */,
				8B275AF02A41B34A003C6223 /* RxCocoa in Frameworks */,
			);
			runOnlyForDeploymentPostprocessing = 0;
		};
		8B275AAE2A41A572003C6223 /* Frameworks */ = {
			isa = PBXFrameworksBuildPhase;
			buildActionMask = 2147483647;
			files = (
			);
			runOnlyForDeploymentPostprocessing = 0;
		};
		8B275AB82A41A572003C6223 /* Frameworks */ = {
			isa = PBXFrameworksBuildPhase;
			buildActionMask = 2147483647;
			files = (
			);
			runOnlyForDeploymentPostprocessing = 0;
		};
/* End PBXFrameworksBuildPhase section */

/* Begin PBXGroup section */
		8B13265C2A43151A00818C08 /* ViewModels */ = {
			isa = PBXGroup;
			children = (
				8B559C5D2A41DDA300A8EF79 /* ProductViewModel.swift */,
				8B73BF3D2A42F076008B8A41 /* ProductDetailViewModel.swift */,
			);
			path = ViewModels;
			sourceTree = "<group>";
		};
		8B13265D2A43162B00818C08 /* ShimmerView */ = {
			isa = PBXGroup;
			children = (
				8B13265E2A43164600818C08 /* ProductsShimmerView.xib */,
				8B1326692A4317FE00818C08 /* ProductsShimmerView.swift */,
			);
			path = ShimmerView;
			sourceTree = "<group>";
		};
		8B1326602A4317C500818C08 /* Shimmer */ = {
			isa = PBXGroup;
			children = (
				8B1326632A4317DE00818C08 /* FBShimmering.h */,
				8B1326622A4317DE00818C08 /* FBShimmeringLayer.h */,
				8B1326652A4317DE00818C08 /* FBShimmeringLayer.m */,
				8B1326642A4317DE00818C08 /* FBShimmeringView.h */,
				8B1326662A4317DE00818C08 /* FBShimmeringView.m */,
				8B1326612A4317DD00818C08 /* KickStartTask-Bridging-Header.h */,
			);
			path = Shimmer;
			sourceTree = "<group>";
		};
		8B275A922A41A570003C6223 = {
			isa = PBXGroup;
			children = (
				8B275A9D2A41A570003C6223 /* KickStartTask */,
				8B275AB42A41A572003C6223 /* KickStartTaskTests */,
				8B275ABE2A41A572003C6223 /* KickStartTaskUITests */,
				8B275A9C2A41A570003C6223 /* Products */,
			);
			sourceTree = "<group>";
		};
		8B275A9C2A41A570003C6223 /* Products */ = {
			isa = PBXGroup;
			children = (
				8B275A9B2A41A570003C6223 /* KickStartTask.app */,
				8B275AB12A41A572003C6223 /* KickStartTaskTests.xctest */,
				8B275ABB2A41A572003C6223 /* KickStartTaskUITests.xctest */,
			);
			name = Products;
			sourceTree = "<group>";
		};
		8B275A9D2A41A570003C6223 /* KickStartTask */ = {
			isa = PBXGroup;
			children = (
				8B275AE32A41A953003C6223 /* AppDelegate */,
				8B275AE42A41A961003C6223 /* Controllers */,
				8B8BC2652A420F8A00441D0C /* Model */,
				8B275AE72A41A991003C6223 /* Views */,
				8B13265C2A43151A00818C08 /* ViewModels */,
				8B559C542A41C48A00A8EF79 /* Service */,
				8B275AE52A41A96D003C6223 /* Resources */,
				8B275AFB2A41B744003C6223 /* Helper */,
			);
			path = KickStartTask;
			sourceTree = "<group>";
		};
		8B275AB42A41A572003C6223 /* KickStartTaskTests */ = {
			isa = PBXGroup;
			children = (
				8B275AB52A41A572003C6223 /* KickStartTaskTests.swift */,
			);
			path = KickStartTaskTests;
			sourceTree = "<group>";
		};
		8B275ABE2A41A572003C6223 /* KickStartTaskUITests */ = {
			isa = PBXGroup;
			children = (
				8B275ABF2A41A572003C6223 /* KickStartTaskUITests.swift */,
				8B275AC12A41A573003C6223 /* KickStartTaskUITestsLaunchTests.swift */,
			);
			path = KickStartTaskUITests;
			sourceTree = "<group>";
		};
		8B275AE32A41A953003C6223 /* AppDelegate */ = {
			isa = PBXGroup;
			children = (
				8B275A9E2A41A570003C6223 /* AppDelegate.swift */,
				8B275AA02A41A570003C6223 /* SceneDelegate.swift */,
			);
			path = AppDelegate;
			sourceTree = "<group>";
		};
		8B275AE42A41A961003C6223 /* Controllers */ = {
			isa = PBXGroup;
			children = (
				8BDBE9132A43D32C00BE3272 /* HomeTabController */,
				8B275AE92A41AB52003C6223 /* Products */,
				8B559C6A2A4208C700A8EF79 /* ProductDetails */,
			);
			path = Controllers;
			sourceTree = "<group>";
		};
		8B275AE52A41A96D003C6223 /* Resources */ = {
			isa = PBXGroup;
			children = (
				8BDBE9082A43D0B800BE3272 /* Fonts */,
				8B275AA72A41A572003C6223 /* Assets.xcassets */,
				8B275AAC2A41A572003C6223 /* Info.plist */,
			);
			path = Resources;
			sourceTree = "<group>";
		};
		8B275AE72A41A991003C6223 /* Views */ = {
			isa = PBXGroup;
			children = (
				8B13265D2A43162B00818C08 /* ShimmerView */,
				8B275AA92A41A572003C6223 /* LaunchScreen.storyboard */,
			);
			path = Views;
			sourceTree = "<group>";
		};
		8B275AE92A41AB52003C6223 /* Products */ = {
			isa = PBXGroup;
			children = (
				8B275AF52A41B677003C6223 /* Controller */,
				8B275AF62A41B67F003C6223 /* Cell */,
			);
			path = Products;
			sourceTree = "<group>";
		};
		8B275AF52A41B677003C6223 /* Controller */ = {
			isa = PBXGroup;
			children = (
				8B275AEB2A41ABA0003C6223 /* ProductsViewController.xib */,
				8B275AEA2A41ABA0003C6223 /* ProductsViewController.swift */,
			);
			path = Controller;
			sourceTree = "<group>";
		};
		8B275AF62A41B67F003C6223 /* Cell */ = {
			isa = PBXGroup;
			children = (
				8B275AFF2A41BAF9003C6223 /* ItemCVCell.xib */,
				8B275AFE2A41BAF9003C6223 /* ItemCVCell.swift */,
			);
			path = Cell;
			sourceTree = "<group>";
		};
		8B275AFB2A41B744003C6223 /* Helper */ = {
			isa = PBXGroup;
			children = (
				8B1326602A4317C500818C08 /* Shimmer */,
				8B559C5B2A41DD4E00A8EF79 /* Constants.swift */,
				8B275AFC2A41B78C003C6223 /* Extensions.swift */,
			);
			path = Helper;
			sourceTree = "<group>";
		};
		8B559C542A41C48A00A8EF79 /* Service */ = {
			isa = PBXGroup;
			children = (
				8B559C552A41C4AC00A8EF79 /* ServiceManager.swift */,
				8BBAC62C2A433CF1003451DA /* StorageManager.swift */,
			);
			path = Service;
			sourceTree = "<group>";
		};
		8B559C6A2A4208C700A8EF79 /* ProductDetails */ = {
			isa = PBXGroup;
			children = (
				8B73BF372A42E551008B8A41 /* Cell */,
				8B559C6C2A4208ED00A8EF79 /* ProductDetailsViewController.xib */,
				8B559C6B2A4208ED00A8EF79 /* ProductDetailsViewController.swift */,
			);
			path = ProductDetails;
			sourceTree = "<group>";
		};
		8B73BF372A42E551008B8A41 /* Cell */ = {
			isa = PBXGroup;
			children = (
				8B73BF402A42F745008B8A41 /* SubItemCell */,
				8B73BF3F2A42F73B008B8A41 /* FullItemCell */,
			);
			path = Cell;
			sourceTree = "<group>";
		};
		8B73BF3F2A42F73B008B8A41 /* FullItemCell */ = {
			isa = PBXGroup;
			children = (
				8B73BF392A42E581008B8A41 /* FullItemCVCell.xib */,
				8B73BF382A42E581008B8A41 /* FullItemCVCell.swift */,
			);
			path = FullItemCell;
			sourceTree = "<group>";
		};
		8B73BF402A42F745008B8A41 /* SubItemCell */ = {
			isa = PBXGroup;
			children = (
				8B73BF422A42F765008B8A41 /* SubItemCVCell.xib */,
				8B73BF412A42F765008B8A41 /* SubItemCVCell.swift */,
			);
			path = SubItemCell;
			sourceTree = "<group>";
		};
		8B8BC2652A420F8A00441D0C /* Model */ = {
			isa = PBXGroup;
			children = (
				8B8BC2662A420FA900441D0C /* ProductModel.swift */,
				8BDBE9052A43B57D00BE3272 /* Product.xcdatamodeld */,
			);
			path = Model;
			sourceTree = "<group>";
		};
		8BDBE9082A43D0B800BE3272 /* Fonts */ = {
			isa = PBXGroup;
			children = (
				8BDBE90D2A43D15D00BE3272 /* Montserrat-Italic-VariableFont_wght.ttf */,
				8BDBE90E2A43D15D00BE3272 /* Montserrat-VariableFont_wght.ttf */,
			);
			path = Fonts;
			sourceTree = "<group>";
		};
		8BDBE9132A43D32C00BE3272 /* HomeTabController */ = {
			isa = PBXGroup;
			children = (
				8BDBE9142A43D39C00BE3272 /* HomeTabBarController.swift */,
				8BDBE91A2A43D40A00BE3272 /* List */,
				8BDBE91B2A43D41B00BE3272 /* Store */,
				8BDBE9202A43D43E00BE3272 /* Favorites */,
				8BDBE9252A43D46200BE3272 /* Profile */,
			);
			path = HomeTabController;
			sourceTree = "<group>";
		};
		8BDBE91A2A43D40A00BE3272 /* List */ = {
			isa = PBXGroup;
			children = (
				8BDBE9172A43D40400BE3272 /* ListViewController.xib */,
				8BDBE9162A43D40400BE3272 /* ListViewController.swift */,
			);
			path = List;
			sourceTree = "<group>";
		};
		8BDBE91B2A43D41B00BE3272 /* Store */ = {
			isa = PBXGroup;
			children = (
				8BDBE91D2A43D42A00BE3272 /* StoreViewController.xib */,
				8BDBE91C2A43D42A00BE3272 /* StoreViewController.swift */,
			);
			path = Store;
			sourceTree = "<group>";
		};
		8BDBE9202A43D43E00BE3272 /* Favorites */ = {
			isa = PBXGroup;
			children = (
				8BDBE9212A43D45A00BE3272 /* FavoritesViewController.swift */,
				8BDBE9222A43D45A00BE3272 /* FavoritesViewController.xib */,
			);
			path = Favorites;
			sourceTree = "<group>";
		};
		8BDBE9252A43D46200BE3272 /* Profile */ = {
			isa = PBXGroup;
			children = (
				8BDBE9262A43D47E00BE3272 /* ProfileViewController.swift */,
				8BDBE9272A43D47E00BE3272 /* ProfileViewController.xib */,
			);
			path = Profile;
			sourceTree = "<group>";
		};
/* End PBXGroup section */

/* Begin PBXNativeTarget section */
		8B275A9A2A41A570003C6223 /* KickStartTask */ = {
			isa = PBXNativeTarget;
			buildConfigurationList = 8B275AC52A41A573003C6223 /* Build configuration list for PBXNativeTarget "KickStartTask" */;
			buildPhases = (
				8B275A972A41A570003C6223 /* Sources */,
				8B275A982A41A570003C6223 /* Frameworks */,
				8B275A992A41A570003C6223 /* Resources */,
			);
			buildRules = (
			);
			dependencies = (
			);
			name = KickStartTask;
			packageProductDependencies = (
				8B275AEF2A41B34A003C6223 /* RxCocoa */,
				8B275AF12A41B34A003C6223 /* RxRelay */,
				8B275AF32A41B34A003C6223 /* RxSwift */,
				8B559C602A41E52800A8EF79 /* Differentiator */,
				8B559C622A41E52800A8EF79 /* RxDataSources */,
				8B559C652A41F11200A8EF79 /* Kingfisher */,
			);
			productName = KickStartTask;
			productReference = 8B275A9B2A41A570003C6223 /* KickStartTask.app */;
			productType = "com.apple.product-type.application";
		};
		8B275AB02A41A572003C6223 /* KickStartTaskTests */ = {
			isa = PBXNativeTarget;
			buildConfigurationList = 8B275AC82A41A573003C6223 /* Build configuration list for PBXNativeTarget "KickStartTaskTests" */;
			buildPhases = (
				8B275AAD2A41A572003C6223 /* Sources */,
				8B275AAE2A41A572003C6223 /* Frameworks */,
				8B275AAF2A41A572003C6223 /* Resources */,
			);
			buildRules = (
			);
			dependencies = (
				8B275AB32A41A572003C6223 /* PBXTargetDependency */,
			);
			name = KickStartTaskTests;
			productName = KickStartTaskTests;
			productReference = 8B275AB12A41A572003C6223 /* KickStartTaskTests.xctest */;
			productType = "com.apple.product-type.bundle.unit-test";
		};
		8B275ABA2A41A572003C6223 /* KickStartTaskUITests */ = {
			isa = PBXNativeTarget;
			buildConfigurationList = 8B275ACB2A41A573003C6223 /* Build configuration list for PBXNativeTarget "KickStartTaskUITests" */;
			buildPhases = (
				8B275AB72A41A572003C6223 /* Sources */,
				8B275AB82A41A572003C6223 /* Frameworks */,
				8B275AB92A41A572003C6223 /* Resources */,
			);
			buildRules = (
			);
			dependencies = (
				8B275ABD2A41A572003C6223 /* PBXTargetDependency */,
			);
			name = KickStartTaskUITests;
			productName = KickStartTaskUITests;
			productReference = 8B275ABB2A41A572003C6223 /* KickStartTaskUITests.xctest */;
			productType = "com.apple.product-type.bundle.ui-testing";
		};
/* End PBXNativeTarget section */

/* Begin PBXProject section */
		8B275A932A41A570003C6223 /* Project object */ = {
			isa = PBXProject;
			attributes = {
				BuildIndependentTargetsInParallel = 1;
				LastSwiftUpdateCheck = 1500;
				LastUpgradeCheck = 1500;
				TargetAttributes = {
					8B275A9A2A41A570003C6223 = {
						CreatedOnToolsVersion = 15.0;
						LastSwiftMigration = 1430;
					};
					8B275AB02A41A572003C6223 = {
						CreatedOnToolsVersion = 15.0;
						TestTargetID = 8B275A9A2A41A570003C6223;
					};
					8B275ABA2A41A572003C6223 = {
						CreatedOnToolsVersion = 15.0;
						TestTargetID = 8B275A9A2A41A570003C6223;
					};
				};
			};
			buildConfigurationList = 8B275A962A41A570003C6223 /* Build configuration list for PBXProject "KickStartTask" */;
			compatibilityVersion = "Xcode 14.0";
			developmentRegion = en;
			hasScannedForEncodings = 0;
			knownRegions = (
				en,
				Base,
			);
			mainGroup = 8B275A922A41A570003C6223;
			packageReferences = (
				8B275AEE2A41B34A003C6223 /* XCRemoteSwiftPackageReference "RxSwift" */,
				8B559C5F2A41E52800A8EF79 /* XCRemoteSwiftPackageReference "RxDataSources" */,
				8B559C642A41F11200A8EF79 /* XCRemoteSwiftPackageReference "Kingfisher" */,
			);
			productRefGroup = 8B275A9C2A41A570003C6223 /* Products */;
			projectDirPath = "";
			projectRoot = "";
			targets = (
				8B275A9A2A41A570003C6223 /* KickStartTask */,
				8B275AB02A41A572003C6223 /* KickStartTaskTests */,
				8B275ABA2A41A572003C6223 /* KickStartTaskUITests */,
			);
		};
/* End PBXProject section */

/* Begin PBXResourcesBuildPhase section */
		8B275A992A41A570003C6223 /* Resources */ = {
			isa = PBXResourcesBuildPhase;
			buildActionMask = 2147483647;
			files = (
				8BDBE9292A43D47E00BE3272 /* ProfileViewController.xib in Resources */,
				8BDBE91F2A43D42A00BE3272 /* StoreViewController.xib in Resources */,
				8B73BF442A42F765008B8A41 /* SubItemCVCell.xib in Resources */,
				8B73BF3B2A42E581008B8A41 /* FullItemCVCell.xib in Resources */,
				8B275AAB2A41A572003C6223 /* LaunchScreen.storyboard in Resources */,
				8B275AA82A41A572003C6223 /* Assets.xcassets in Resources */,
				8BDBE9102A43D15D00BE3272 /* Montserrat-VariableFont_wght.ttf in Resources */,
				8BDBE9242A43D45A00BE3272 /* FavoritesViewController.xib in Resources */,
				8BDBE90F2A43D15D00BE3272 /* Montserrat-Italic-VariableFont_wght.ttf in Resources */,
				8B13265F2A43164600818C08 /* ProductsShimmerView.xib in Resources */,
				8B559C6E2A4208ED00A8EF79 /* ProductDetailsViewController.xib in Resources */,
				8B275AED2A41ABA0003C6223 /* ProductsViewController.xib in Resources */,
				8BDBE9192A43D40400BE3272 /* ListViewController.xib in Resources */,
				8B275B012A41BAF9003C6223 /* ItemCVCell.xib in Resources */,
			);
			runOnlyForDeploymentPostprocessing = 0;
		};
		8B275AAF2A41A572003C6223 /* Resources */ = {
			isa = PBXResourcesBuildPhase;
			buildActionMask = 2147483647;
			files = (
			);
			runOnlyForDeploymentPostprocessing = 0;
		};
		8B275AB92A41A572003C6223 /* Resources */ = {
			isa = PBXResourcesBuildPhase;
			buildActionMask = 2147483647;
			files = (
			);
			runOnlyForDeploymentPostprocessing = 0;
		};
/* End PBXResourcesBuildPhase section */

/* Begin PBXSourcesBuildPhase section */
		8B275A972A41A570003C6223 /* Sources */ = {
			isa = PBXSourcesBuildPhase;
			buildActionMask = 2147483647;
			files = (
				8BBAC62D2A433CF1003451DA /* StorageManager.swift in Sources */,
				8B275AEC2A41ABA0003C6223 /* ProductsViewController.swift in Sources */,
				8BDBE9152A43D39C00BE3272 /* HomeTabBarController.swift in Sources */,
				8B73BF432A42F765008B8A41 /* SubItemCVCell.swift in Sources */,
				8B275AFD2A41B78C003C6223 /* Extensions.swift in Sources */,
				8B275B002A41BAF9003C6223 /* ItemCVCell.swift in Sources */,
				8BDBE9232A43D45A00BE3272 /* FavoritesViewController.swift in Sources */,
				8B1326672A4317DF00818C08 /* FBShimmeringLayer.m in Sources */,
				8B275A9F2A41A570003C6223 /* AppDelegate.swift in Sources */,
				8B275AA12A41A570003C6223 /* SceneDelegate.swift in Sources */,
				8B559C5E2A41DDA300A8EF79 /* ProductViewModel.swift in Sources */,
				8B13266A2A4317FE00818C08 /* ProductsShimmerView.swift in Sources */,
				8B559C6D2A4208ED00A8EF79 /* ProductDetailsViewController.swift in Sources */,
				8B559C562A41C4AC00A8EF79 /* ServiceManager.swift in Sources */,
				8B73BF3A2A42E581008B8A41 /* FullItemCVCell.swift in Sources */,
				8BDBE9282A43D47E00BE3272 /* ProfileViewController.swift in Sources */,
				8BDBE9072A43B57D00BE3272 /* Product.xcdatamodeld in Sources */,
				8B559C5C2A41DD4E00A8EF79 /* Constants.swift in Sources */,
				8B8BC2672A420FA900441D0C /* ProductModel.swift in Sources */,
				8B1326682A4317DF00818C08 /* FBShimmeringView.m in Sources */,
				8BDBE9182A43D40400BE3272 /* ListViewController.swift in Sources */,
				8B73BF3E2A42F076008B8A41 /* ProductDetailViewModel.swift in Sources */,
				8BDBE91E2A43D42A00BE3272 /* StoreViewController.swift in Sources */,
			);
			runOnlyForDeploymentPostprocessing = 0;
		};
		8B275AAD2A41A572003C6223 /* Sources */ = {
			isa = PBXSourcesBuildPhase;
			buildActionMask = 2147483647;
			files = (
				8B275AB62A41A572003C6223 /* KickStartTaskTests.swift in Sources */,
			);
			runOnlyForDeploymentPostprocessing = 0;
		};
		8B275AB72A41A572003C6223 /* Sources */ = {
			isa = PBXSourcesBuildPhase;
			buildActionMask = 2147483647;
			files = (
				8B275AC22A41A573003C6223 /* KickStartTaskUITestsLaunchTests.swift in Sources */,
				8B275AC02A41A572003C6223 /* KickStartTaskUITests.swift in Sources */,
			);
			runOnlyForDeploymentPostprocessing = 0;
		};
/* End PBXSourcesBuildPhase section */

/* Begin PBXTargetDependency section */
		8B275AB32A41A572003C6223 /* PBXTargetDependency */ = {
			isa = PBXTargetDependency;
			target = 8B275A9A2A41A570003C6223 /* KickStartTask */;
			targetProxy = 8B275AB22A41A572003C6223 /* PBXContainerItemProxy */;
		};
		8B275ABD2A41A572003C6223 /* PBXTargetDependency */ = {
			isa = PBXTargetDependency;
			target = 8B275A9A2A41A570003C6223 /* KickStartTask */;
			targetProxy = 8B275ABC2A41A572003C6223 /* PBXContainerItemProxy */;
		};
/* End PBXTargetDependency section */

/* Begin PBXVariantGroup section */
		8B275AA92A41A572003C6223 /* LaunchScreen.storyboard */ = {
			isa = PBXVariantGroup;
			children = (
				8B275AAA2A41A572003C6223 /* Base */,
			);
			name = LaunchScreen.storyboard;
			sourceTree = "<group>";
		};
/* End PBXVariantGroup section */

/* Begin XCBuildConfiguration section */
		8B275AC32A41A573003C6223 /* Debug */ = {
			isa = XCBuildConfiguration;
			buildSettings = {
				ALWAYS_SEARCH_USER_PATHS = NO;
				ASSETCATALOG_COMPILER_GENERATE_SWIFT_ASSET_SYMBOL_EXTENSIONS = YES;
				CLANG_ANALYZER_NONNULL = YES;
				CLANG_ANALYZER_NUMBER_OBJECT_CONVERSION = YES_AGGRESSIVE;
				CLANG_CXX_LANGUAGE_STANDARD = "gnu++20";
				CLANG_ENABLE_MODULES = YES;
				CLANG_ENABLE_OBJC_ARC = YES;
				CLANG_ENABLE_OBJC_WEAK = YES;
				CLANG_WARN_BLOCK_CAPTURE_AUTORELEASING = YES;
				CLANG_WARN_BOOL_CONVERSION = YES;
				CLANG_WARN_COMMA = YES;
				CLANG_WARN_CONSTANT_CONVERSION = YES;
				CLANG_WARN_DEPRECATED_OBJC_IMPLEMENTATIONS = YES;
				CLANG_WARN_DIRECT_OBJC_ISA_USAGE = YES_ERROR;
				CLANG_WARN_DOCUMENTATION_COMMENTS = YES;
				CLANG_WARN_EMPTY_BODY = YES;
				CLANG_WARN_ENUM_CONVERSION = YES;
				CLANG_WARN_INFINITE_RECURSION = YES;
				CLANG_WARN_INT_CONVERSION = YES;
				CLANG_WARN_NON_LITERAL_NULL_CONVERSION = YES;
				CLANG_WARN_OBJC_IMPLICIT_RETAIN_SELF = YES;
				CLANG_WARN_OBJC_LITERAL_CONVERSION = YES;
				CLANG_WARN_OBJC_ROOT_CLASS = YES_ERROR;
				CLANG_WARN_QUOTED_INCLUDE_IN_FRAMEWORK_HEADER = YES;
				CLANG_WARN_RANGE_LOOP_ANALYSIS = YES;
				CLANG_WARN_STRICT_PROTOTYPES = YES;
				CLANG_WARN_SUSPICIOUS_MOVE = YES;
				CLANG_WARN_UNGUARDED_AVAILABILITY = YES_AGGRESSIVE;
				CLANG_WARN_UNREACHABLE_CODE = YES;
				CLANG_WARN__DUPLICATE_METHOD_MATCH = YES;
				COPY_PHASE_STRIP = NO;
				DEBUG_INFORMATION_FORMAT = dwarf;
				ENABLE_STRICT_OBJC_MSGSEND = YES;
				ENABLE_TESTABILITY = YES;
				ENABLE_USER_SCRIPT_SANDBOXING = YES;
				GCC_C_LANGUAGE_STANDARD = gnu17;
				GCC_DYNAMIC_NO_PIC = NO;
				GCC_NO_COMMON_BLOCKS = YES;
				GCC_OPTIMIZATION_LEVEL = 0;
				GCC_PREPROCESSOR_DEFINITIONS = (
					"DEBUG=1",
					"$(inherited)",
				);
				GCC_WARN_64_TO_32_BIT_CONVERSION = YES;
				GCC_WARN_ABOUT_RETURN_TYPE = YES_ERROR;
				GCC_WARN_UNDECLARED_SELECTOR = YES;
				GCC_WARN_UNINITIALIZED_AUTOS = YES_AGGRESSIVE;
				GCC_WARN_UNUSED_FUNCTION = YES;
				GCC_WARN_UNUSED_VARIABLE = YES;
				IPHONEOS_DEPLOYMENT_TARGET = 17.0;
				LOCALIZATION_PREFERS_STRING_CATALOGS = YES;
				MTL_ENABLE_DEBUG_INFO = INCLUDE_SOURCE;
				MTL_FAST_MATH = YES;
				ONLY_ACTIVE_ARCH = YES;
				SDKROOT = iphoneos;
				SWIFT_ACTIVE_COMPILATION_CONDITIONS = "DEBUG $(inherited)";
				SWIFT_OPTIMIZATION_LEVEL = "-Onone";
			};
			name = Debug;
		};
		8B275AC42A41A573003C6223 /* Release */ = {
			isa = XCBuildConfiguration;
			buildSettings = {
				ALWAYS_SEARCH_USER_PATHS = NO;
				ASSETCATALOG_COMPILER_GENERATE_SWIFT_ASSET_SYMBOL_EXTENSIONS = YES;
				CLANG_ANALYZER_NONNULL = YES;
				CLANG_ANALYZER_NUMBER_OBJECT_CONVERSION = YES_AGGRESSIVE;
				CLANG_CXX_LANGUAGE_STANDARD = "gnu++20";
				CLANG_ENABLE_MODULES = YES;
				CLANG_ENABLE_OBJC_ARC = YES;
				CLANG_ENABLE_OBJC_WEAK = YES;
				CLANG_WARN_BLOCK_CAPTURE_AUTORELEASING = YES;
				CLANG_WARN_BOOL_CONVERSION = YES;
				CLANG_WARN_COMMA = YES;
				CLANG_WARN_CONSTANT_CONVERSION = YES;
				CLANG_WARN_DEPRECATED_OBJC_IMPLEMENTATIONS = YES;
				CLANG_WARN_DIRECT_OBJC_ISA_USAGE = YES_ERROR;
				CLANG_WARN_DOCUMENTATION_COMMENTS = YES;
				CLANG_WARN_EMPTY_BODY = YES;
				CLANG_WARN_ENUM_CONVERSION = YES;
				CLANG_WARN_INFINITE_RECURSION = YES;
				CLANG_WARN_INT_CONVERSION = YES;
				CLANG_WARN_NON_LITERAL_NULL_CONVERSION = YES;
				CLANG_WARN_OBJC_IMPLICIT_RETAIN_SELF = YES;
				CLANG_WARN_OBJC_LITERAL_CONVERSION = YES;
				CLANG_WARN_OBJC_ROOT_CLASS = YES_ERROR;
				CLANG_WARN_QUOTED_INCLUDE_IN_FRAMEWORK_HEADER = YES;
				CLANG_WARN_RANGE_LOOP_ANALYSIS = YES;
				CLANG_WARN_STRICT_PROTOTYPES = YES;
				CLANG_WARN_SUSPICIOUS_MOVE = YES;
				CLANG_WARN_UNGUARDED_AVAILABILITY = YES_AGGRESSIVE;
				CLANG_WARN_UNREACHABLE_CODE = YES;
				CLANG_WARN__DUPLICATE_METHOD_MATCH = YES;
				COPY_PHASE_STRIP = NO;
				DEBUG_INFORMATION_FORMAT = "dwarf-with-dsym";
				ENABLE_NS_ASSERTIONS = NO;
				ENABLE_STRICT_OBJC_MSGSEND = YES;
				ENABLE_USER_SCRIPT_SANDBOXING = YES;
				GCC_C_LANGUAGE_STANDARD = gnu17;
				GCC_NO_COMMON_BLOCKS = YES;
				GCC_WARN_64_TO_32_BIT_CONVERSION = YES;
				GCC_WARN_ABOUT_RETURN_TYPE = YES_ERROR;
				GCC_WARN_UNDECLARED_SELECTOR = YES;
				GCC_WARN_UNINITIALIZED_AUTOS = YES_AGGRESSIVE;
				GCC_WARN_UNUSED_FUNCTION = YES;
				GCC_WARN_UNUSED_VARIABLE = YES;
				IPHONEOS_DEPLOYMENT_TARGET = 17.0;
				LOCALIZATION_PREFERS_STRING_CATALOGS = YES;
				MTL_ENABLE_DEBUG_INFO = NO;
				MTL_FAST_MATH = YES;
				SDKROOT = iphoneos;
				SWIFT_COMPILATION_MODE = wholemodule;
				VALIDATE_PRODUCT = YES;
			};
			name = Release;
		};
		8B275AC62A41A573003C6223 /* Debug */ = {
			isa = XCBuildConfiguration;
			buildSettings = {
				ASSETCATALOG_COMPILER_APPICON_NAME = AppIcon;
				ASSETCATALOG_COMPILER_GLOBAL_ACCENT_COLOR_NAME = AccentColor;
				CLANG_ENABLE_MODULES = YES;
				CODE_SIGN_STYLE = Automatic;
				CURRENT_PROJECT_VERSION = 1;
				DEVELOPMENT_TEAM = H46ZLUF9FB;
				GENERATE_INFOPLIST_FILE = YES;
				INFOPLIST_FILE = KickStartTask/Resources/Info.plist;
				INFOPLIST_KEY_UIApplicationSupportsIndirectInputEvents = YES;
				INFOPLIST_KEY_UILaunchStoryboardName = LaunchScreen;
				INFOPLIST_KEY_UISupportedInterfaceOrientations_iPad = "UIInterfaceOrientationPortrait UIInterfaceOrientationPortraitUpsideDown UIInterfaceOrientationLandscapeLeft UIInterfaceOrientationLandscapeRight";
				INFOPLIST_KEY_UISupportedInterfaceOrientations_iPhone = "UIInterfaceOrientationPortrait UIInterfaceOrientationLandscapeLeft UIInterfaceOrientationLandscapeRight";
				IPHONEOS_DEPLOYMENT_TARGET = 13.6;
				LD_RUNPATH_SEARCH_PATHS = (
					"$(inherited)",
					"@executable_path/Frameworks",
				);
				MARKETING_VERSION = 1.0;
				PRODUCT_BUNDLE_IDENTIFIER = com.kickstart.task.KickStartTask;
				PRODUCT_NAME = "$(TARGET_NAME)";
				SWIFT_EMIT_LOC_STRINGS = YES;
				SWIFT_OBJC_BRIDGING_HEADER = "KickStartTask/Helper/Shimmer/KickStartTask-Bridging-Header.h";
				SWIFT_OPTIMIZATION_LEVEL = "-Onone";
				SWIFT_VERSION = 5.0;
				TARGETED_DEVICE_FAMILY = "1,2";
				apiURL = "https://run.mocky.io/v3/9677ed07-93eb-42a6-9e26-5a9cbbca658f";
			};
			name = Debug;
		};
		8B275AC72A41A573003C6223 /* Release */ = {
			isa = XCBuildConfiguration;
			buildSettings = {
				ASSETCATALOG_COMPILER_APPICON_NAME = AppIcon;
				ASSETCATALOG_COMPILER_GLOBAL_ACCENT_COLOR_NAME = AccentColor;
				CLANG_ENABLE_MODULES = YES;
				CODE_SIGN_STYLE = Automatic;
				CURRENT_PROJECT_VERSION = 1;
				DEVELOPMENT_TEAM = H46ZLUF9FB;
				GENERATE_INFOPLIST_FILE = YES;
				INFOPLIST_FILE = KickStartTask/Resources/Info.plist;
				INFOPLIST_KEY_UIApplicationSupportsIndirectInputEvents = YES;
				INFOPLIST_KEY_UILaunchStoryboardName = LaunchScreen;
				INFOPLIST_KEY_UISupportedInterfaceOrientations_iPad = "UIInterfaceOrientationPortrait UIInterfaceOrientationPortraitUpsideDown UIInterfaceOrientationLandscapeLeft UIInterfaceOrientationLandscapeRight";
				INFOPLIST_KEY_UISupportedInterfaceOrientations_iPhone = "UIInterfaceOrientationPortrait UIInterfaceOrientationLandscapeLeft UIInterfaceOrientationLandscapeRight";
				IPHONEOS_DEPLOYMENT_TARGET = 13.6;
				LD_RUNPATH_SEARCH_PATHS = (
					"$(inherited)",
					"@executable_path/Frameworks",
				);
				MARKETING_VERSION = 1.0;
				PRODUCT_BUNDLE_IDENTIFIER = com.kickstart.task.KickStartTask;
				PRODUCT_NAME = "$(TARGET_NAME)";
				SWIFT_EMIT_LOC_STRINGS = YES;
				SWIFT_OBJC_BRIDGING_HEADER = "KickStartTask/Helper/Shimmer/KickStartTask-Bridging-Header.h";
				SWIFT_VERSION = 5.0;
				TARGETED_DEVICE_FAMILY = "1,2";
				apiURL = "https://run.mocky.io/v3/9677ed07-93eb-42a6-9e26-5a9cbbca658f";
			};
			name = Release;
		};
		8B275AC92A41A573003C6223 /* Debug */ = {
			isa = XCBuildConfiguration;
			buildSettings = {
				ALWAYS_EMBED_SWIFT_STANDARD_LIBRARIES = YES;
				BUNDLE_LOADER = "$(TEST_HOST)";
				CODE_SIGN_STYLE = Automatic;
				CURRENT_PROJECT_VERSION = 1;
				DEVELOPMENT_TEAM = H46ZLUF9FB;
				GENERATE_INFOPLIST_FILE = YES;
				IPHONEOS_DEPLOYMENT_TARGET = 17.0;
				MARKETING_VERSION = 1.0;
				PRODUCT_BUNDLE_IDENTIFIER = com.kickstart.task.KickStartTaskTests;
				PRODUCT_NAME = "$(TARGET_NAME)";
				SWIFT_EMIT_LOC_STRINGS = NO;
				SWIFT_VERSION = 5.0;
				TARGETED_DEVICE_FAMILY = "1,2";
				TEST_HOST = "$(BUILT_PRODUCTS_DIR)/KickStartTask.app/$(BUNDLE_EXECUTABLE_FOLDER_PATH)/KickStartTask";
			};
			name = Debug;
		};
		8B275ACA2A41A573003C6223 /* Release */ = {
			isa = XCBuildConfiguration;
			buildSettings = {
				ALWAYS_EMBED_SWIFT_STANDARD_LIBRARIES = YES;
				BUNDLE_LOADER = "$(TEST_HOST)";
				CODE_SIGN_STYLE = Automatic;
				CURRENT_PROJECT_VERSION = 1;
				DEVELOPMENT_TEAM = H46ZLUF9FB;
				GENERATE_INFOPLIST_FILE = YES;
				IPHONEOS_DEPLOYMENT_TARGET = 17.0;
				MARKETING_VERSION = 1.0;
				PRODUCT_BUNDLE_IDENTIFIER = com.kickstart.task.KickStartTaskTests;
				PRODUCT_NAME = "$(TARGET_NAME)";
				SWIFT_EMIT_LOC_STRINGS = NO;
				SWIFT_VERSION = 5.0;
				TARGETED_DEVICE_FAMILY = "1,2";
				TEST_HOST = "$(BUILT_PRODUCTS_DIR)/KickStartTask.app/$(BUNDLE_EXECUTABLE_FOLDER_PATH)/KickStartTask";
			};
			name = Release;
		};
		8B275ACC2A41A573003C6223 /* Debug */ = {
			isa = XCBuildConfiguration;
			buildSettings = {
				ALWAYS_EMBED_SWIFT_STANDARD_LIBRARIES = YES;
				CODE_SIGN_STYLE = Automatic;
				CURRENT_PROJECT_VERSION = 1;
				DEVELOPMENT_TEAM = H46ZLUF9FB;
				GENERATE_INFOPLIST_FILE = YES;
				MARKETING_VERSION = 1.0;
				PRODUCT_BUNDLE_IDENTIFIER = com.kickstart.task.KickStartTaskUITests;
				PRODUCT_NAME = "$(TARGET_NAME)";
				SWIFT_EMIT_LOC_STRINGS = NO;
				SWIFT_VERSION = 5.0;
				TARGETED_DEVICE_FAMILY = "1,2";
				TEST_TARGET_NAME = KickStartTask;
			};
			name = Debug;
		};
		8B275ACD2A41A573003C6223 /* Release */ = {
			isa = XCBuildConfiguration;
			buildSettings = {
				ALWAYS_EMBED_SWIFT_STANDARD_LIBRARIES = YES;
				CODE_SIGN_STYLE = Automatic;
				CURRENT_PROJECT_VERSION = 1;
				DEVELOPMENT_TEAM = H46ZLUF9FB;
				GENERATE_INFOPLIST_FILE = YES;
				MARKETING_VERSION = 1.0;
				PRODUCT_BUNDLE_IDENTIFIER = com.kickstart.task.KickStartTaskUITests;
				PRODUCT_NAME = "$(TARGET_NAME)";
				SWIFT_EMIT_LOC_STRINGS = NO;
				SWIFT_VERSION = 5.0;
				TARGETED_DEVICE_FAMILY = "1,2";
				TEST_TARGET_NAME = KickStartTask;
			};
			name = Release;
		};
/* End XCBuildConfiguration section */

/* Begin XCConfigurationList section */
		8B275A962A41A570003C6223 /* Build configuration list for PBXProject "KickStartTask" */ = {
			isa = XCConfigurationList;
			buildConfigurations = (
				8B275AC32A41A573003C6223 /* Debug */,
				8B275AC42A41A573003C6223 /* Release */,
			);
			defaultConfigurationIsVisible = 0;
			defaultConfigurationName = Release;
		};
		8B275AC52A41A573003C6223 /* Build configuration list for PBXNativeTarget "KickStartTask" */ = {
			isa = XCConfigurationList;
			buildConfigurations = (
				8B275AC62A41A573003C6223 /* Debug */,
				8B275AC72A41A573003C6223 /* Release */,
			);
			defaultConfigurationIsVisible = 0;
			defaultConfigurationName = Release;
		};
		8B275AC82A41A573003C6223 /* Build configuration list for PBXNativeTarget "KickStartTaskTests" */ = {
			isa = XCConfigurationList;
			buildConfigurations = (
				8B275AC92A41A573003C6223 /* Debug */,
				8B275ACA2A41A573003C6223 /* Release */,
			);
			defaultConfigurationIsVisible = 0;
			defaultConfigurationName = Release;
		};
		8B275ACB2A41A573003C6223 /* Build configuration list for PBXNativeTarget "KickStartTaskUITests" */ = {
			isa = XCConfigurationList;
			buildConfigurations = (
				8B275ACC2A41A573003C6223 /* Debug */,
				8B275ACD2A41A573003C6223 /* Release */,
			);
			defaultConfigurationIsVisible = 0;
			defaultConfigurationName = Release;
		};
/* End XCConfigurationList section */

/* Begin XCRemoteSwiftPackageReference section */
		8B275AEE2A41B34A003C6223 /* XCRemoteSwiftPackageReference "RxSwift" */ = {
			isa = XCRemoteSwiftPackageReference;
			repositoryURL = "https://github.com/ReactiveX/RxSwift.git";
			requirement = {
				kind = upToNextMajorVersion;
				minimumVersion = 6.6.0;
			};
		};
		8B559C5F2A41E52800A8EF79 /* XCRemoteSwiftPackageReference "RxDataSources" */ = {
			isa = XCRemoteSwiftPackageReference;
			repositoryURL = "https://github.com/RxSwiftCommunity/RxDataSources.git";
			requirement = {
				kind = upToNextMajorVersion;
				minimumVersion = 5.0.2;
			};
		};
		8B559C642A41F11200A8EF79 /* XCRemoteSwiftPackageReference "Kingfisher" */ = {
			isa = XCRemoteSwiftPackageReference;
			repositoryURL = "https://github.com/onevcat/Kingfisher.git";
			requirement = {
				kind = upToNextMajorVersion;
				minimumVersion = 7.8.1;
			};
		};
/* End XCRemoteSwiftPackageReference section */

/* Begin XCSwiftPackageProductDependency section */
		8B275AEF2A41B34A003C6223 /* RxCocoa */ = {
			isa = XCSwiftPackageProductDependency;
			package = 8B275AEE2A41B34A003C6223 /* XCRemoteSwiftPackageReference "RxSwift" */;
			productName = RxCocoa;
		};
		8B275AF12A41B34A003C6223 /* RxRelay */ = {
			isa = XCSwiftPackageProductDependency;
			package = 8B275AEE2A41B34A003C6223 /* XCRemoteSwiftPackageReference "RxSwift" */;
			productName = RxRelay;
		};
		8B275AF32A41B34A003C6223 /* RxSwift */ = {
			isa = XCSwiftPackageProductDependency;
			package = 8B275AEE2A41B34A003C6223 /* XCRemoteSwiftPackageReference "RxSwift" */;
			productName = RxSwift;
		};
		8B559C602A41E52800A8EF79 /* Differentiator */ = {
			isa = XCSwiftPackageProductDependency;
			package = 8B559C5F2A41E52800A8EF79 /* XCRemoteSwiftPackageReference "RxDataSources" */;
			productName = Differentiator;
		};
		8B559C622A41E52800A8EF79 /* RxDataSources */ = {
			isa = XCSwiftPackageProductDependency;
			package = 8B559C5F2A41E52800A8EF79 /* XCRemoteSwiftPackageReference "RxDataSources" */;
			productName = RxDataSources;
		};
		8B559C652A41F11200A8EF79 /* Kingfisher */ = {
			isa = XCSwiftPackageProductDependency;
			package = 8B559C642A41F11200A8EF79 /* XCRemoteSwiftPackageReference "Kingfisher" */;
			productName = Kingfisher;
		};
/* End XCSwiftPackageProductDependency section */

/* Begin XCVersionGroup section */
		8BDBE9052A43B57D00BE3272 /* Product.xcdatamodeld */ = {
			isa = XCVersionGroup;
			children = (
				8BDBE9062A43B57D00BE3272 /* Product.xcdatamodel */,
			);
			currentVersion = 8BDBE9062A43B57D00BE3272 /* Product.xcdatamodel */;
			path = Product.xcdatamodeld;
			sourceTree = "<group>";
			versionGroupType = wrapper.xcdatamodel;
		};
/* End XCVersionGroup section */
	};
	rootObject = 8B275A932A41A570003C6223 /* Project object */;
}
