// !$*UTF8*$!
{
	archiveVersion = 1;
	classes = {
	};
	objectVersion = 56;
	objects = {

/* Begin PBXBuildFile section */
		8B275A9F2A41A570003C6223 /* AppDelegate.swift in Sources */ = {isa = PBXBuildFile; fileRef = 8B275A9E2A41A570003C6223 /* AppDelegate.swift */; };
		8B275AA12A41A570003C6223 /* SceneDelegate.swift in Sources */ = {isa = PBXBuildFile; fileRef = 8B275AA02A41A570003C6223 /* SceneDelegate.swift */; };
		8B275AA32A41A570003C6223 /* ViewController.swift in Sources */ = {isa = PBXBuildFile; fileRef = 8B275AA22A41A570003C6223 /* ViewController.swift */; };
		8B275AA62A41A570003C6223 /* Main.storyboard in Resources */ = {isa = PBXBuildFile; fileRef = 8B275AA42A41A570003C6223 /* Main.storyboard */; };
		8B275AA82A41A572003C6223 /* Assets.xcassets in Resources */ = {isa = PBXBuildFile; fileRef = 8B275AA72A41A572003C6223 /* Assets.xcassets */; };
		8B275AAB2A41A572003C6223 /* LaunchScreen.storyboard in Resources */ = {isa = PBXBuildFile; fileRef = 8B275AA92A41A572003C6223 /* LaunchScreen.storyboard */; };
		8B275AB62A41A572003C6223 /* KickStartTaskTests.swift in Sources */ = {isa = PBXBuildFile; fileRef = 8B275AB52A41A572003C6223 /* KickStartTaskTests.swift */; };
		8B275AC02A41A572003C6223 /* KickStartTaskUITests.swift in Sources */ = {isa = PBXBuildFile; fileRef = 8B275ABF2A41A572003C6223 /* KickStartTaskUITests.swift */; };
		8B275AC22A41A573003C6223 /* KickStartTaskUITestsLaunchTests.swift in Sources */ = {isa = PBXBuildFile; fileRef = 8B275AC12A41A573003C6223 /* KickStartTaskUITestsLaunchTests.swift */; };
/* End PBXBuildFile section */

/* Begin PBXContainerItemProxy section */
		8B275AB22A41A572003C6223 /* PBXContainerItemProxy */ = {
			isa = PBXContainerItemProxy;
			containerPortal = 8B275A932A41A570003C6223 /* Project object */;
			proxyType = 1;
			remoteGlobalIDString = 8B275A9A2A41A570003C6223;
			remoteInfo = KickStartTask;
		};
		8B275ABC2A41A572003C6223 /* PBXContainerItemProxy */ = {
			isa = PBXContainerItemProxy;
			containerPortal = 8B275A932A41A570003C6223 /* Project object */;
			proxyType = 1;
			remoteGlobalIDString = 8B275A9A2A41A570003C6223;
			remoteInfo = KickStartTask;
		};
/* End PBXContainerItemProxy section */

/* Begin PBXFileReference section */
		8B275A9B2A41A570003C6223 /* KickStartTask.app */ = {isa = PBXFileReference; explicitFileType = wrapper.application; includeInIndex = 0; path = KickStartTask.app; sourceTree = BUILT_PRODUCTS_DIR; };
		8B275A9E2A41A570003C6223 /* AppDelegate.swift */ = {isa = PBXFileReference; lastKnownFileType = sourcecode.swift; path = AppDelegate.swift; sourceTree = "<group>"; };
		8B275AA02A41A570003C6223 /* SceneDelegate.swift */ = {isa = PBXFileReference; lastKnownFileType = sourcecode.swift; path = SceneDelegate.swift; sourceTree = "<group>"; };
		8B275AA22A41A570003C6223 /* ViewController.swift */ = {isa = PBXFileReference; lastKnownFileType = sourcecode.swift; path = ViewController.swift; sourceTree = "<group>"; };
		8B275AA52A41A570003C6223 /* Base */ = {isa = PBXFileReference; lastKnownFileType = file.storyboard; name = Base; path = Base.lproj/Main.storyboard; sourceTree = "<group>"; };
		8B275AA72A41A572003C6223 /* Assets.xcassets */ = {isa = PBXFileReference; lastKnownFileType = folder.assetcatalog; path = Assets.xcassets; sourceTree = "<group>"; };
		8B275AAA2A41A572003C6223 /* Base */ = {isa = PBXFileReference; lastKnownFileType = file.storyboard; name = Base; path = Base.lproj/LaunchScreen.storyboard; sourceTree = "<group>"; };
		8B275AAC2A41A572003C6223 /* Info.plist */ = {isa = PBXFileReference; lastKnownFileType = text.plist.xml; path = Info.plist; sourceTree = "<group>"; };
		8B275AB12A41A572003C6223 /* KickStartTaskTests.xctest */ = {isa = PBXFileReference; explicitFileType = wrapper.cfbundle; includeInIndex = 0; path = KickStartTaskTests.xctest; sourceTree = BUILT_PRODUCTS_DIR; };
		8B275AB52A41A572003C6223 /* KickStartTaskTests.swift */ = {isa = PBXFileReference; lastKnownFileType = sourcecode.swift; path = KickStartTaskTests.swift; sourceTree = "<group>"; };
		8B275ABB2A41A572003C6223 /* KickStartTaskUITests.xctest */ = {isa = PBXFileReference; explicitFileType = wrapper.cfbundle; includeInIndex = 0; path = KickStartTaskUITests.xctest; sourceTree = BUILT_PRODUCTS_DIR; };
		8B275ABF2A41A572003C6223 /* KickStartTaskUITests.swift */ = {isa = PBXFileReference; lastKnownFileType = sourcecode.swift; path = KickStartTaskUITests.swift; sourceTree = "<group>"; };
		8B275AC12A41A573003C6223 /* KickStartTaskUITestsLaunchTests.swift */ = {isa = PBXFileReference; lastKnownFileType = sourcecode.swift; path = KickStartTaskUITestsLaunchTests.swift; sourceTree = "<group>"; };
/* End PBXFileReference section */

/* Begin PBXFrameworksBuildPhase section */
		8B275A982A41A570003C6223 /* Frameworks */ = {
			isa = PBXFrameworksBuildPhase;
			buildActionMask = 2147483647;
			files = (
			);
			runOnlyForDeploymentPostprocessing = 0;
		};
		8B275AAE2A41A572003C6223 /* Frameworks */ = {
			isa = PBXFrameworksBuildPhase;
			buildActionMask = 2147483647;
			files = (
			);
			runOnlyForDeploymentPostprocessing = 0;
		};
		8B275AB82A41A572003C6223 /* Frameworks */ = {
			isa = PBXFrameworksBuildPhase;
			buildActionMask = 2147483647;
			files = (
			);
			runOnlyForDeploymentPostprocessing = 0;
		};
/* End PBXFrameworksBuildPhase section */

/* Begin PBXGroup section */
		8B275A922A41A570003C6223 = {
			isa = PBXGroup;
			children = (
				8B275A9D2A41A570003C6223 /* KickStartTask */,
				8B275AB42A41A572003C6223 /* KickStartTaskTests */,
				8B275ABE2A41A572003C6223 /* KickStartTaskUITests */,
				8B275A9C2A41A570003C6223 /* Products */,
			);
			sourceTree = "<group>";
		};
		8B275A9C2A41A570003C6223 /* Products */ = {
			isa = PBXGroup;
			children = (
				8B275A9B2A41A570003C6223 /* KickStartTask.app */,
				8B275AB12A41A572003C6223 /* KickStartTaskTests.xctest */,
				8B275ABB2A41A572003C6223 /* KickStartTaskUITests.xctest */,
			);
			name = Products;
			sourceTree = "<group>";
		};
		8B275A9D2A41A570003C6223 /* KickStartTask */ = {
			isa = PBXGroup;
			children = (
				8B275A9E2A41A570003C6223 /* AppDelegate.swift */,
				8B275AA02A41A570003C6223 /* SceneDelegate.swift */,
				8B275AA22A41A570003C6223 /* ViewController.swift */,
				8B275AA42A41A570003C6223 /* Main.storyboard */,
				8B275AA72A41A572003C6223 /* Assets.xcassets */,
				8B275AA92A41A572003C6223 /* LaunchScreen.storyboard */,
				8B275AAC2A41A572003C6223 /* Info.plist */,
			);
			path = KickStartTask;
			sourceTree = "<group>";
		};
		8B275AB42A41A572003C6223 /* KickStartTaskTests */ = {
			isa = PBXGroup;
			children = (
				8B275AB52A41A572003C6223 /* KickStartTaskTests.swift */,
			);
			path = KickStartTaskTests;
			sourceTree = "<group>";
		};
		8B275ABE2A41A572003C6223 /* KickStartTaskUITests */ = {
			isa = PBXGroup;
			children = (
				8B275ABF2A41A572003C6223 /* KickStartTaskUITests.swift */,
				8B275AC12A41A573003C6223 /* KickStartTaskUITestsLaunchTests.swift */,
			);
			path = KickStartTaskUITests;
			sourceTree = "<group>";
		};
/* End PBXGroup section */

/* Begin PBXNativeTarget section */
		8B275A9A2A41A570003C6223 /* KickStartTask */ = {
			isa = PBXNativeTarget;
			buildConfigurationList = 8B275AC52A41A573003C6223 /* Build configuration list for PBXNativeTarget "KickStartTask" */;
			buildPhases = (
				8B275A972A41A570003C6223 /* Sources */,
				8B275A982A41A570003C6223 /* Frameworks */,
				8B275A992A41A570003C6223 /* Resources */,
			);
			buildRules = (
			);
			dependencies = (
			);
			name = KickStartTask;
			productName = KickStartTask;
			productReference = 8B275A9B2A41A570003C6223 /* KickStartTask.app */;
			productType = "com.apple.product-type.application";
		};
		8B275AB02A41A572003C6223 /* KickStartTaskTests */ = {
			isa = PBXNativeTarget;
			buildConfigurationList = 8B275AC82A41A573003C6223 /* Build configuration list for PBXNativeTarget "KickStartTaskTests" */;
			buildPhases = (
				8B275AAD2A41A572003C6223 /* Sources */,
				8B275AAE2A41A572003C6223 /* Frameworks */,
				8B275AAF2A41A572003C6223 /* Resources */,
			);
			buildRules = (
			);
			dependencies = (
				8B275AB32A41A572003C6223 /* PBXTargetDependency */,
			);
			name = KickStartTaskTests;
			productName = KickStartTaskTests;
			productReference = 8B275AB12A41A572003C6223 /* KickStartTaskTests.xctest */;
			productType = "com.apple.product-type.bundle.unit-test";
		};
		8B275ABA2A41A572003C6223 /* KickStartTaskUITests */ = {
			isa = PBXNativeTarget;
			buildConfigurationList = 8B275ACB2A41A573003C6223 /* Build configuration list for PBXNativeTarget "KickStartTaskUITests" */;
			buildPhases = (
				8B275AB72A41A572003C6223 /* Sources */,
				8B275AB82A41A572003C6223 /* Frameworks */,
				8B275AB92A41A572003C6223 /* Resources */,
			);
			buildRules = (
			);
			dependencies = (
				8B275ABD2A41A572003C6223 /* PBXTargetDependency */,
			);
			name = KickStartTaskUITests;
			productName = KickStartTaskUITests;
			productReference = 8B275ABB2A41A572003C6223 /* KickStartTaskUITests.xctest */;
			productType = "com.apple.product-type.bundle.ui-testing";
		};
/* End PBXNativeTarget section */

/* Begin PBXProject section */
		8B275A932A41A570003C6223 /* Project object */ = {
			isa = PBXProject;
			attributes = {
				BuildIndependentTargetsInParallel = 1;
				LastSwiftUpdateCheck = 1500;
				LastUpgradeCheck = 1500;
				TargetAttributes = {
					8B275A9A2A41A570003C6223 = {
						CreatedOnToolsVersion = 15.0;
					};
					8B275AB02A41A572003C6223 = {
						CreatedOnToolsVersion = 15.0;
						TestTargetID = 8B275A9A2A41A570003C6223;
					};
					8B275ABA2A41A572003C6223 = {
						CreatedOnToolsVersion = 15.0;
						TestTargetID = 8B275A9A2A41A570003C6223;
					};
				};
			};
			buildConfigurationList = 8B275A962A41A570003C6223 /* Build configuration list for PBXProject "KickStartTask" */;
			compatibilityVersion = "Xcode 14.0";
			developmentRegion = en;
			hasScannedForEncodings = 0;
			knownRegions = (
				en,
				Base,
			);
			mainGroup = 8B275A922A41A570003C6223;
			productRefGroup = 8B275A9C2A41A570003C6223 /* Products */;
			projectDirPath = "";
			projectRoot = "";
			targets = (
				8B275A9A2A41A570003C6223 /* KickStartTask */,
				8B275AB02A41A572003C6223 /* KickStartTaskTests */,
				8B275ABA2A41A572003C6223 /* KickStartTaskUITests */,
			);
		};
/* End PBXProject section */

/* Begin PBXResourcesBuildPhase section */
		8B275A992A41A570003C6223 /* Resources */ = {
			isa = PBXResourcesBuildPhase;
			buildActionMask = 2147483647;
			files = (
				8B275AAB2A41A572003C6223 /* LaunchScreen.storyboard in Resources */,
				8B275AA82A41A572003C6223 /* Assets.xcassets in Resources */,
				8B275AA62A41A570003C6223 /* Main.storyboard in Resources */,
			);
			runOnlyForDeploymentPostprocessing = 0;
		};
		8B275AAF2A41A572003C6223 /* Resources */ = {
			isa = PBXResourcesBuildPhase;
			buildActionMask = 2147483647;
			files = (
			);
			runOnlyForDeploymentPostprocessing = 0;
		};
		8B275AB92A41A572003C6223 /* Resources */ = {
			isa = PBXResourcesBuildPhase;
			buildActionMask = 2147483647;
			files = (
			);
			runOnlyForDeploymentPostprocessing = 0;
		};
/* End PBXResourcesBuildPhase section */

/* Begin PBXSourcesBuildPhase section */
		8B275A972A41A570003C6223 /* Sources */ = {
			isa = PBXSourcesBuildPhase;
			buildActionMask = 2147483647;
			files = (
				8B275AA32A41A570003C6223 /* ViewController.swift in Sources */,
				8B275A9F2A41A570003C6223 /* AppDelegate.swift in Sources */,
				8B275AA12A41A570003C6223 /* SceneDelegate.swift in Sources */,
			);
			runOnlyForDeploymentPostprocessing = 0;
		};
		8B275AAD2A41A572003C6223 /* Sources */ = {
			isa = PBXSourcesBuildPhase;
			buildActionMask = 2147483647;
			files = (
				8B275AB62A41A572003C6223 /* KickStartTaskTests.swift in Sources */,
			);
			runOnlyForDeploymentPostprocessing = 0;
		};
		8B275AB72A41A572003C6223 /* Sources */ = {
			isa = PBXSourcesBuildPhase;
			buildActionMask = 2147483647;
			files = (
				8B275AC22A41A573003C6223 /* KickStartTaskUITestsLaunchTests.swift in Sources */,
				8B275AC02A41A572003C6223 /* KickStartTaskUITests.swift in Sources */,
			);
			runOnlyForDeploymentPostprocessing = 0;
		};
/* End PBXSourcesBuildPhase section */

/* Begin PBXTargetDependency section */
		8B275AB32A41A572003C6223 /* PBXTargetDependency */ = {
			isa = PBXTargetDependency;
			target = 8B275A9A2A41A570003C6223 /* KickStartTask */;
			targetProxy = 8B275AB22A41A572003C6223 /* PBXContainerItemProxy */;
		};
		8B275ABD2A41A572003C6223 /* PBXTargetDependency */ = {
			isa = PBXTargetDependency;
			target = 8B275A9A2A41A570003C6223 /* KickStartTask */;
			targetProxy = 8B275ABC2A41A572003C6223 /* PBXContainerItemProxy */;
		};
/* End PBXTargetDependency section */

/* Begin PBXVariantGroup section */
		8B275AA42A41A570003C6223 /* Main.storyboard */ = {
			isa = PBXVariantGroup;
			children = (
				8B275AA52A41A570003C6223 /* Base */,
			);
			name = Main.storyboard;
			sourceTree = "<group>";
		};
		8B275AA92A41A572003C6223 /* LaunchScreen.storyboard */ = {
			isa = PBXVariantGroup;
			children = (
				8B275AAA2A41A572003C6223 /* Base */,
			);
			name = LaunchScreen.storyboard;
			sourceTree = "<group>";
		};
/* End PBXVariantGroup section */

/* Begin XCBuildConfiguration section */
		8B275AC32A41A573003C6223 /* Debug */ = {
			isa = XCBuildConfiguration;
			buildSettings = {
				ALWAYS_SEARCH_USER_PATHS = NO;
				ASSETCATALOG_COMPILER_GENERATE_SWIFT_ASSET_SYMBOL_EXTENSIONS = YES;
				CLANG_ANALYZER_NONNULL = YES;
				CLANG_ANALYZER_NUMBER_OBJECT_CONVERSION = YES_AGGRESSIVE;
				CLANG_CXX_LANGUAGE_STANDARD = "gnu++20";
				CLANG_ENABLE_MODULES = YES;
				CLANG_ENABLE_OBJC_ARC = YES;
				CLANG_ENABLE_OBJC_WEAK = YES;
				CLANG_WARN_BLOCK_CAPTURE_AUTORELEASING = YES;
				CLANG_WARN_BOOL_CONVERSION = YES;
				CLANG_WARN_COMMA = YES;
				CLANG_WARN_CONSTANT_CONVERSION = YES;
				CLANG_WARN_DEPRECATED_OBJC_IMPLEMENTATIONS = YES;
				CLANG_WARN_DIRECT_OBJC_ISA_USAGE = YES_ERROR;
				CLANG_WARN_DOCUMENTATION_COMMENTS = YES;
				CLANG_WARN_EMPTY_BODY = YES;
				CLANG_WARN_ENUM_CONVERSION = YES;
				CLANG_WARN_INFINITE_RECURSION = YES;
				CLANG_WARN_INT_CONVERSION = YES;
				CLANG_WARN_NON_LITERAL_NULL_CONVERSION = YES;
				CLANG_WARN_OBJC_IMPLICIT_RETAIN_SELF = YES;
				CLANG_WARN_OBJC_LITERAL_CONVERSION = YES;
				CLANG_WARN_OBJC_ROOT_CLASS = YES_ERROR;
				CLANG_WARN_QUOTED_INCLUDE_IN_FRAMEWORK_HEADER = YES;
				CLANG_WARN_RANGE_LOOP_ANALYSIS = YES;
				CLANG_WARN_STRICT_PROTOTYPES = YES;
				CLANG_WARN_SUSPICIOUS_MOVE = YES;
				CLANG_WARN_UNGUARDED_AVAILABILITY = YES_AGGRESSIVE;
				CLANG_WARN_UNREACHABLE_CODE = YES;
				CLANG_WARN__DUPLICATE_METHOD_MATCH = YES;
				COPY_PHASE_STRIP = NO;
				DEBUG_INFORMATION_FORMAT = dwarf;
				ENABLE_STRICT_OBJC_MSGSEND = YES;
				ENABLE_TESTABILITY = YES;
				ENABLE_USER_SCRIPT_SANDBOXING = YES;
				GCC_C_LANGUAGE_STANDARD = gnu17;
				GCC_DYNAMIC_NO_PIC = NO;
				GCC_NO_COMMON_BLOCKS = YES;
				GCC_OPTIMIZATION_LEVEL = 0;
				GCC_PREPROCESSOR_DEFINITIONS = (
					"DEBUG=1",
					"$(inherited)",
				);
				GCC_WARN_64_TO_32_BIT_CONVERSION = YES;
				GCC_WARN_ABOUT_RETURN_TYPE = YES_ERROR;
				GCC_WARN_UNDECLARED_SELECTOR = YES;
				GCC_WARN_UNINITIALIZED_AUTOS = YES_AGGRESSIVE;
				GCC_WARN_UNUSED_FUNCTION = YES;
				GCC_WARN_UNUSED_VARIABLE = YES;
				IPHONEOS_DEPLOYMENT_TARGET = 17.0;
				LOCALIZATION_PREFERS_STRING_CATALOGS = YES;
				MTL_ENABLE_DEBUG_INFO = INCLUDE_SOURCE;
				MTL_FAST_MATH = YES;
				ONLY_ACTIVE_ARCH = YES;
				SDKROOT = iphoneos;
				SWIFT_ACTIVE_COMPILATION_CONDITIONS = "DEBUG $(inherited)";
				SWIFT_OPTIMIZATION_LEVEL = "-Onone";
			};
			name = Debug;
		};
		8B275AC42A41A573003C6223 /* Release */ = {
			isa = XCBuildConfiguration;
			buildSettings = {
				ALWAYS_SEARCH_USER_PATHS = NO;
				ASSETCATALOG_COMPILER_GENERATE_SWIFT_ASSET_SYMBOL_EXTENSIONS = YES;
				CLANG_ANALYZER_NONNULL = YES;
				CLANG_ANALYZER_NUMBER_OBJECT_CONVERSION = YES_AGGRESSIVE;
				CLANG_CXX_LANGUAGE_STANDARD = "gnu++20";
				CLANG_ENABLE_MODULES = YES;
				CLANG_ENABLE_OBJC_ARC = YES;
				CLANG_ENABLE_OBJC_WEAK = YES;
				CLANG_WARN_BLOCK_CAPTURE_AUTORELEASING = YES;
				CLANG_WARN_BOOL_CONVERSION = YES;
				CLANG_WARN_COMMA = YES;
				CLANG_WARN_CONSTANT_CONVERSION = YES;
				CLANG_WARN_DEPRECATED_OBJC_IMPLEMENTATIONS = YES;
				CLANG_WARN_DIRECT_OBJC_ISA_USAGE = YES_ERROR;
				CLANG_WARN_DOCUMENTATION_COMMENTS = YES;
				CLANG_WARN_EMPTY_BODY = YES;
				CLANG_WARN_ENUM_CONVERSION = YES;
				CLANG_WARN_INFINITE_RECURSION = YES;
				CLANG_WARN_INT_CONVERSION = YES;
				CLANG_WARN_NON_LITERAL_NULL_CONVERSION = YES;
				CLANG_WARN_OBJC_IMPLICIT_RETAIN_SELF = YES;
				CLANG_WARN_OBJC_LITERAL_CONVERSION = YES;
				CLANG_WARN_OBJC_ROOT_CLASS = YES_ERROR;
				CLANG_WARN_QUOTED_INCLUDE_IN_FRAMEWORK_HEADER = YES;
				CLANG_WARN_RANGE_LOOP_ANALYSIS = YES;
				CLANG_WARN_STRICT_PROTOTYPES = YES;
				CLANG_WARN_SUSPICIOUS_MOVE = YES;
				CLANG_WARN_UNGUARDED_AVAILABILITY = YES_AGGRESSIVE;
				CLANG_WARN_UNREACHABLE_CODE = YES;
				CLANG_WARN__DUPLICATE_METHOD_MATCH = YES;
				COPY_PHASE_STRIP = NO;
				DEBUG_INFORMATION_FORMAT = "dwarf-with-dsym";
				ENABLE_NS_ASSERTIONS = NO;
				ENABLE_STRICT_OBJC_MSGSEND = YES;
				ENABLE_USER_SCRIPT_SANDBOXING = YES;
				GCC_C_LANGUAGE_STANDARD = gnu17;
				GCC_NO_COMMON_BLOCKS = YES;
				GCC_WARN_64_TO_32_BIT_CONVERSION = YES;
				GCC_WARN_ABOUT_RETURN_TYPE = YES_ERROR;
				GCC_WARN_UNDECLARED_SELECTOR = YES;
				GCC_WARN_UNINITIALIZED_AUTOS = YES_AGGRESSIVE;
				GCC_WARN_UNUSED_FUNCTION = YES;
				GCC_WARN_UNUSED_VARIABLE = YES;
				IPHONEOS_DEPLOYMENT_TARGET = 17.0;
				LOCALIZATION_PREFERS_STRING_CATALOGS = YES;
				MTL_ENABLE_DEBUG_INFO = NO;
				MTL_FAST_MATH = YES;
				SDKROOT = iphoneos;
				SWIFT_COMPILATION_MODE = wholemodule;
				VALIDATE_PRODUCT = YES;
			};
			name = Release;
		};
		8B275AC62A41A573003C6223 /* Debug */ = {
			isa = XCBuildConfiguration;
			buildSettings = {
				ASSETCATALOG_COMPILER_APPICON_NAME = AppIcon;
				ASSETCATALOG_COMPILER_GLOBAL_ACCENT_COLOR_NAME = AccentColor;
				CODE_SIGN_STYLE = Automatic;
				CURRENT_PROJECT_VERSION = 1;
				DEVELOPMENT_TEAM = H46ZLUF9FB;
				GENERATE_INFOPLIST_FILE = YES;
				INFOPLIST_FILE = KickStartTask/Info.plist;
				INFOPLIST_KEY_UIApplicationSupportsIndirectInputEvents = YES;
				INFOPLIST_KEY_UILaunchStoryboardName = LaunchScreen;
				INFOPLIST_KEY_UIMainStoryboardFile = Main;
				INFOPLIST_KEY_UISupportedInterfaceOrientations_iPad = "UIInterfaceOrientationPortrait UIInterfaceOrientationPortraitUpsideDown UIInterfaceOrientationLandscapeLeft UIInterfaceOrientationLandscapeRight";
				INFOPLIST_KEY_UISupportedInterfaceOrientations_iPhone = "UIInterfaceOrientationPortrait UIInterfaceOrientationLandscapeLeft UIInterfaceOrientationLandscapeRight";
				LD_RUNPATH_SEARCH_PATHS = (
					"$(inherited)",
					"@executable_path/Frameworks",
				);
				MARKETING_VERSION = 1.0;
				PRODUCT_BUNDLE_IDENTIFIER = com.kickstart.task.KickStartTask;
				PRODUCT_NAME = "$(TARGET_NAME)";
				SWIFT_EMIT_LOC_STRINGS = YES;
				SWIFT_VERSION = 5.0;
				TARGETED_DEVICE_FAMILY = "1,2";
			};
			name = Debug;
		};
		8B275AC72A41A573003C6223 /* Release */ = {
			isa = XCBuildConfiguration;
			buildSettings = {
				ASSETCATALOG_COMPILER_APPICON_NAME = AppIcon;
				ASSETCATALOG_COMPILER_GLOBAL_ACCENT_COLOR_NAME = AccentColor;
				CODE_SIGN_STYLE = Automatic;
				CURRENT_PROJECT_VERSION = 1;
				DEVELOPMENT_TEAM = H46ZLUF9FB;
				GENERATE_INFOPLIST_FILE = YES;
				INFOPLIST_FILE = KickStartTask/Info.plist;
				INFOPLIST_KEY_UIApplicationSupportsIndirectInputEvents = YES;
				INFOPLIST_KEY_UILaunchStoryboardName = LaunchScreen;
				INFOPLIST_KEY_UIMainStoryboardFile = Main;
				INFOPLIST_KEY_UISupportedInterfaceOrientations_iPad = "UIInterfaceOrientationPortrait UIInterfaceOrientationPortraitUpsideDown UIInterfaceOrientationLandscapeLeft UIInterfaceOrientationLandscapeRight";
				INFOPLIST_KEY_UISupportedInterfaceOrientations_iPhone = "UIInterfaceOrientationPortrait UIInterfaceOrientationLandscapeLeft UIInterfaceOrientationLandscapeRight";
				LD_RUNPATH_SEARCH_PATHS = (
					"$(inherited)",
					"@executable_path/Frameworks",
				);
				MARKETING_VERSION = 1.0;
				PRODUCT_BUNDLE_IDENTIFIER = com.kickstart.task.KickStartTask;
				PRODUCT_NAME = "$(TARGET_NAME)";
				SWIFT_EMIT_LOC_STRINGS = YES;
				SWIFT_VERSION = 5.0;
				TARGETED_DEVICE_FAMILY = "1,2";
			};
			name = Release;
		};
		8B275AC92A41A573003C6223 /* Debug */ = {
			isa = XCBuildConfiguration;
			buildSettings = {
				ALWAYS_EMBED_SWIFT_STANDARD_LIBRARIES = YES;
				BUNDLE_LOADER = "$(TEST_HOST)";
				CODE_SIGN_STYLE = Automatic;
				CURRENT_PROJECT_VERSION = 1;
				DEVELOPMENT_TEAM = H46ZLUF9FB;
				GENERATE_INFOPLIST_FILE = YES;
				IPHONEOS_DEPLOYMENT_TARGET = 17.0;
				MARKETING_VERSION = 1.0;
				PRODUCT_BUNDLE_IDENTIFIER = com.kickstart.task.KickStartTaskTests;
				PRODUCT_NAME = "$(TARGET_NAME)";
				SWIFT_EMIT_LOC_STRINGS = NO;
				SWIFT_VERSION = 5.0;
				TARGETED_DEVICE_FAMILY = "1,2";
				TEST_HOST = "$(BUILT_PRODUCTS_DIR)/KickStartTask.app/$(BUNDLE_EXECUTABLE_FOLDER_PATH)/KickStartTask";
			};
			name = Debug;
		};
		8B275ACA2A41A573003C6223 /* Release */ = {
			isa = XCBuildConfiguration;
			buildSettings = {
				ALWAYS_EMBED_SWIFT_STANDARD_LIBRARIES = YES;
				BUNDLE_LOADER = "$(TEST_HOST)";
				CODE_SIGN_STYLE = Automatic;
				CURRENT_PROJECT_VERSION = 1;
				DEVELOPMENT_TEAM = H46ZLUF9FB;
				GENERATE_INFOPLIST_FILE = YES;
				IPHONEOS_DEPLOYMENT_TARGET = 17.0;
				MARKETING_VERSION = 1.0;
				PRODUCT_BUNDLE_IDENTIFIER = com.kickstart.task.KickStartTaskTests;
				PRODUCT_NAME = "$(TARGET_NAME)";
				SWIFT_EMIT_LOC_STRINGS = NO;
				SWIFT_VERSION = 5.0;
				TARGETED_DEVICE_FAMILY = "1,2";
				TEST_HOST = "$(BUILT_PRODUCTS_DIR)/KickStartTask.app/$(BUNDLE_EXECUTABLE_FOLDER_PATH)/KickStartTask";
			};
			name = Release;
		};
		8B275ACC2A41A573003C6223 /* Debug */ = {
			isa = XCBuildConfiguration;
			buildSettings = {
				ALWAYS_EMBED_SWIFT_STANDARD_LIBRARIES = YES;
				CODE_SIGN_STYLE = Automatic;
				CURRENT_PROJECT_VERSION = 1;
				DEVELOPMENT_TEAM = H46ZLUF9FB;
				GENERATE_INFOPLIST_FILE = YES;
				MARKETING_VERSION = 1.0;
				PRODUCT_BUNDLE_IDENTIFIER = com.kickstart.task.KickStartTaskUITests;
				PRODUCT_NAME = "$(TARGET_NAME)";
				SWIFT_EMIT_LOC_STRINGS = NO;
				SWIFT_VERSION = 5.0;
				TARGETED_DEVICE_FAMILY = "1,2";
				TEST_TARGET_NAME = KickStartTask;
			};
			name = Debug;
		};
		8B275ACD2A41A573003C6223 /* Release */ = {
			isa = XCBuildConfiguration;
			buildSettings = {
				ALWAYS_EMBED_SWIFT_STANDARD_LIBRARIES = YES;
				CODE_SIGN_STYLE = Automatic;
				CURRENT_PROJECT_VERSION = 1;
				DEVELOPMENT_TEAM = H46ZLUF9FB;
				GENERATE_INFOPLIST_FILE = YES;
				MARKETING_VERSION = 1.0;
				PRODUCT_BUNDLE_IDENTIFIER = com.kickstart.task.KickStartTaskUITests;
				PRODUCT_NAME = "$(TARGET_NAME)";
				SWIFT_EMIT_LOC_STRINGS = NO;
				SWIFT_VERSION = 5.0;
				TARGETED_DEVICE_FAMILY = "1,2";
				TEST_TARGET_NAME = KickStartTask;
			};
			name = Release;
		};
/* End XCBuildConfiguration section */

/* Begin XCConfigurationList section */
		8B275A962A41A570003C6223 /* Build configuration list for PBXProject "KickStartTask" */ = {
			isa = XCConfigurationList;
			buildConfigurations = (
				8B275AC32A41A573003C6223 /* Debug */,
				8B275AC42A41A573003C6223 /* Release */,
			);
			defaultConfigurationIsVisible = 0;
			defaultConfigurationName = Release;
		};
		8B275AC52A41A573003C6223 /* Build configuration list for PBXNativeTarget "KickStartTask" */ = {
			isa = XCConfigurationList;
			buildConfigurations = (
				8B275AC62A41A573003C6223 /* Debug */,
				8B275AC72A41A573003C6223 /* Release */,
			);
			defaultConfigurationIsVisible = 0;
			defaultConfigurationName = Release;
		};
		8B275AC82A41A573003C6223 /* Build configuration list for PBXNativeTarget "KickStartTaskTests" */ = {
			isa = XCConfigurationList;
			buildConfigurations = (
				8B275AC92A41A573003C6223 /* Debug */,
				8B275ACA2A41A573003C6223 /* Release */,
			);
			defaultConfigurationIsVisible = 0;
			defaultConfigurationName = Release;
		};
		8B275ACB2A41A573003C6223 /* Build configuration list for PBXNativeTarget "KickStartTaskUITests" */ = {
			isa = XCConfigurationList;
			buildConfigurations = (
				8B275ACC2A41A573003C6223 /* Debug */,
				8B275ACD2A41A573003C6223 /* Release */,
			);
			defaultConfigurationIsVisible = 0;
			defaultConfigurationName = Release;
		};
/* End XCConfigurationList section */
	};
	rootObject = 8B275A932A41A570003C6223 /* Project object */;
}
